
Microsoft Visual Studio Solution File, Format Version 12.00
# Visual Studio 15
VisualStudioVersion = 15.0.28307.902
MinimumVisualStudioVersion = 10.0.40219.1
Project("{8BC9CEB8-8B4A-11D0-8D11-00A0C91BC942}") = "AA1_02_SDL", "src\G01_Pizarro_Mateu_AA2\AA1_02_SDL.vcxproj", "{B9941133-4A35-4A59-BCA9-612E0D554076}"
EndProject
Global
	GlobalSection(SolutionConfigurationPlatforms) = preSolution
		Debug|x64 = Debug|x64
		Debug|x86 = Debug|x86
		Release|x64 = Release|x64
		Release|x86 = Release|x86
	EndGlobalSection
	GlobalSection(ProjectConfigurationPlatforms) = postSolution
		{B9941133-4A35-4A59-BCA9-612E0D554076}.Debug|x64.ActiveCfg = Debug|x64
		{B9941133-4A35-4A59-BCA9-612E0D554076}.Debug|x64.Build.0 = Debug|x64
		{B9941133-4A35-4A59-BCA9-612E0D554076}.Debug|x86.ActiveCfg = Debug|Win32
		{B9941133-4A35-4A59-BCA9-612E0D554076}.Debug|x86.Build.0 = Debug|Win32
		{B9941133-4A35-4A59-BCA9-612E0D554076}.Release|x64.ActiveCfg = Release|x64
		{B9941133-4A35-4A59-BCA9-612E0D554076}.Release|x64.Build.0 = Release|x64
		{B9941133-4A35-4A59-BCA9-612E0D554076}.Release|x86.ActiveCfg = Release|Win32
		{B9941133-4A35-4A59-BCA9-612E0D554076}.Release|x86.Build.0 = Release|Win32
	EndGlobalSection
	GlobalSection(SolutionProperties) = preSolution
		HideSolutionNode = FALSE
	EndGlobalSection
	GlobalSection(ExtensibilityGlobals) = postSolution
		SolutionGuid = {71DCBE9F-777D-4412-A4A6-50D38A6916BE}
	EndGlobalSection
EndGlobal
